{
  "name": "hello-howchoo-test",
  "version": "1.0.0",
  "lockfileVersion": 1,
  "requires": true,
  "dependencies": {
    "@josephtyler/hello-howchoo-npm": {
      "version": "1.0.3",
      "resolved": "https://npm.pkg.github.com/download/@josephtyler/hello-howchoo-npm/1.0.3/af24f79613f4b3e335f1ab8431405a348d53543ce8bbdf7642efdf7e04f0b647",
      "integrity": "sha512-qK3sQkJacBwIkdU8OE7SKCQZAPGBA27iFoadq5dOKjWuCcduVcIDd/d3FtxMrThivYkbkgMDTeBsTzIgcITJTQ=="
    },
    "lodash": {
      "version": "4.17.15",
      "resolved": "https://registry.npmjs.org/lodash/-/lodash-4.17.15.tgz",
      "integrity": "sha512-8xOcRHvCjnocdS5cpwXQXVzmmh5e5+saE2QGoeQmbKmRS6J3VQppPOIt0MnmE+4xlZoumy0GPG0D0MVIQbNA1A=="
    }
  }
}
